
Microsoft Visual Studio Solution File, Format Version 12.00
# Visual Studio Version 17
VisualStudioVersion = 17.1.32210.238
MinimumVisualStudioVersion = 10.0.40219.1
Project("{9A19103F-16F7-4668-BE54-9A1E7A4F7556}") = "BSDoom", "BSDoom\BSDoom.csproj", "{1503E127-AF5B-4830-8EFD-9E8BF9B5F756}"
EndProject
Project("{FAE04EC0-301F-11D3-BF4B-00C04F79EFBC}") = "BsDoomTests", "BsDoomTests\BsDoomTests.csproj", "{A5FF52DC-76C1-4996-91E3-C74677A64F3D}"
EndProject
Global
	GlobalSection(SolutionConfigurationPlatforms) = preSolution
		Debug|Any CPU = Debug|Any CPU
		Release|Any CPU = Release|Any CPU
	EndGlobalSection
	GlobalSection(ProjectConfigurationPlatforms) = postSolution
		{1503E127-AF5B-4830-8EFD-9E8BF9B5F756}.Debug|Any CPU.ActiveCfg = Debug|Any CPU
		{1503E127-AF5B-4830-8EFD-9E8BF9B5F756}.Debug|Any CPU.Build.0 = Debug|Any CPU
		{1503E127-AF5B-4830-8EFD-9E8BF9B5F756}.Release|Any CPU.ActiveCfg = Release|Any CPU
		{1503E127-AF5B-4830-8EFD-9E8BF9B5F756}.Release|Any CPU.Build.0 = Release|Any CPU
		{A5FF52DC-76C1-4996-91E3-C74677A64F3D}.Debug|Any CPU.ActiveCfg = Debug|Any CPU
		{A5FF52DC-76C1-4996-91E3-C74677A64F3D}.Debug|Any CPU.Build.0 = Debug|Any CPU
		{A5FF52DC-76C1-4996-91E3-C74677A64F3D}.Release|Any CPU.ActiveCfg = Release|Any CPU
		{A5FF52DC-76C1-4996-91E3-C74677A64F3D}.Release|Any CPU.Build.0 = Release|Any CPU
	EndGlobalSection
	GlobalSection(SolutionProperties) = preSolution
		HideSolutionNode = FALSE
	EndGlobalSection
	GlobalSection(ExtensibilityGlobals) = postSolution
		SolutionGuid = {F734338A-9352-404D-87DA-711E7568D9A3}
	EndGlobalSection
EndGlobal
